// !$*UTF8*$!
{
	archiveVersion = 1;
	classes = {
	};
	objectVersion = 55;
	objects = {

/* Begin PBXBuildFile section */
		6B34C7B02804F540009A7836 /* AddTaskViewController.swift in Sources */ = {isa = PBXBuildFile; fileRef = 6B34C7AF2804F540009A7836 /* AddTaskViewController.swift */; };
		6B34C7B22804FDB7009A7836 /* TaskModel.swift in Sources */ = {isa = PBXBuildFile; fileRef = 6B34C7B12804FDB7009A7836 /* TaskModel.swift */; };
		6B34C7B72806101A009A7836 /* TaskTableViewCell.swift in Sources */ = {isa = PBXBuildFile; fileRef = 6B34C7B62806101A009A7836 /* TaskTableViewCell.swift */; };
		6B34C7B9280668C7009A7836 /* CompletedTaskViewCell.swift in Sources */ = {isa = PBXBuildFile; fileRef = 6B34C7B8280668C7009A7836 /* CompletedTaskViewCell.swift */; };
		6B34C7C128068EE2009A7836 /* IntroViewController.swift in Sources */ = {isa = PBXBuildFile; fileRef = 6B34C7C028068EE2009A7836 /* IntroViewController.swift */; };
		6B5A0E2D2802299E0046FA50 /* AddCourseViewController.swift in Sources */ = {isa = PBXBuildFile; fileRef = 6B5A0E2C2802299E0046FA50 /* AddCourseViewController.swift */; };
		6B5A0E32280231DF0046FA50 /* CoursesModel.swift in Sources */ = {isa = PBXBuildFile; fileRef = 6B5A0E31280231DF0046FA50 /* CoursesModel.swift */; };
		6B5A0E3828028A3F0046FA50 /* CourseTableViewCell.swift in Sources */ = {isa = PBXBuildFile; fileRef = 6B5A0E3728028A3F0046FA50 /* CourseTableViewCell.swift */; };
		6B9EF83C2800C4A0007157BF /* AppDelegate.swift in Sources */ = {isa = PBXBuildFile; fileRef = 6B9EF83B2800C4A0007157BF /* AppDelegate.swift */; };
		6B9EF83E2800C4A0007157BF /* SceneDelegate.swift in Sources */ = {isa = PBXBuildFile; fileRef = 6B9EF83D2800C4A0007157BF /* SceneDelegate.swift */; };
		6B9EF8402800C4A0007157BF /* TasksViewController.swift in Sources */ = {isa = PBXBuildFile; fileRef = 6B9EF83F2800C4A0007157BF /* TasksViewController.swift */; };
		6B9EF8432800C4A0007157BF /* Main.storyboard in Resources */ = {isa = PBXBuildFile; fileRef = 6B9EF8412800C4A0007157BF /* Main.storyboard */; };
		6B9EF8452800C4A1007157BF /* Assets.xcassets in Resources */ = {isa = PBXBuildFile; fileRef = 6B9EF8442800C4A1007157BF /* Assets.xcassets */; };
		6B9EF8482800C4A1007157BF /* LaunchScreen.storyboard in Resources */ = {isa = PBXBuildFile; fileRef = 6B9EF8462800C4A1007157BF /* LaunchScreen.storyboard */; };
		6B9EF8522800D75B007157BF /* CompletedViewController.swift in Sources */ = {isa = PBXBuildFile; fileRef = 6B9EF8512800D75B007157BF /* CompletedViewController.swift */; };
		6B9EF8552800D788007157BF /* CoursesViewController.swift in Sources */ = {isa = PBXBuildFile; fileRef = 6B9EF8542800D788007157BF /* CoursesViewController.swift */; };
		6B9EF8582800D7A5007157BF /* SettingsViewController.swift in Sources */ = {isa = PBXBuildFile; fileRef = 6B9EF8572800D7A5007157BF /* SettingsViewController.swift */; };
/* End PBXBuildFile section */

/* Begin PBXFileReference section */
		6B34C7AF2804F540009A7836 /* AddTaskViewController.swift */ = {isa = PBXFileReference; lastKnownFileType = sourcecode.swift; path = AddTaskViewController.swift; sourceTree = "<group>"; };
		6B34C7B12804FDB7009A7836 /* TaskModel.swift */ = {isa = PBXFileReference; lastKnownFileType = sourcecode.swift; path = TaskModel.swift; sourceTree = "<group>"; };
		6B34C7B62806101A009A7836 /* TaskTableViewCell.swift */ = {isa = PBXFileReference; lastKnownFileType = sourcecode.swift; path = TaskTableViewCell.swift; sourceTree = "<group>"; };
		6B34C7B8280668C7009A7836 /* CompletedTaskViewCell.swift */ = {isa = PBXFileReference; lastKnownFileType = sourcecode.swift; path = CompletedTaskViewCell.swift; sourceTree = "<group>"; };
		6B34C7C028068EE2009A7836 /* IntroViewController.swift */ = {isa = PBXFileReference; lastKnownFileType = sourcecode.swift; path = IntroViewController.swift; sourceTree = "<group>"; };
		6B5A0E2C2802299E0046FA50 /* AddCourseViewController.swift */ = {isa = PBXFileReference; lastKnownFileType = sourcecode.swift; path = AddCourseViewController.swift; sourceTree = "<group>"; };
		6B5A0E31280231DF0046FA50 /* CoursesModel.swift */ = {isa = PBXFileReference; lastKnownFileType = sourcecode.swift; path = CoursesModel.swift; sourceTree = "<group>"; };
		6B5A0E3728028A3F0046FA50 /* CourseTableViewCell.swift */ = {isa = PBXFileReference; lastKnownFileType = sourcecode.swift; path = CourseTableViewCell.swift; sourceTree = "<group>"; };
		6B9EF8382800C4A0007157BF /* Stuplan.app */ = {isa = PBXFileReference; explicitFileType = wrapper.application; includeInIndex = 0; path = Stuplan.app; sourceTree = BUILT_PRODUCTS_DIR; };
		6B9EF83B2800C4A0007157BF /* AppDelegate.swift */ = {isa = PBXFileReference; lastKnownFileType = sourcecode.swift; path = AppDelegate.swift; sourceTree = "<group>"; };
		6B9EF83D2800C4A0007157BF /* SceneDelegate.swift */ = {isa = PBXFileReference; lastKnownFileType = sourcecode.swift; path = SceneDelegate.swift; sourceTree = "<group>"; };
		6B9EF83F2800C4A0007157BF /* TasksViewController.swift */ = {isa = PBXFileReference; lastKnownFileType = sourcecode.swift; path = TasksViewController.swift; sourceTree = "<group>"; };
		6B9EF8422800C4A0007157BF /* Base */ = {isa = PBXFileReference; lastKnownFileType = file.storyboard; name = Base; path = Base.lproj/Main.storyboard; sourceTree = "<group>"; };
		6B9EF8442800C4A1007157BF /* Assets.xcassets */ = {isa = PBXFileReference; lastKnownFileType = folder.assetcatalog; path = Assets.xcassets; sourceTree = "<group>"; };
		6B9EF8472800C4A1007157BF /* Base */ = {isa = PBXFileReference; lastKnownFileType = file.storyboard; name = Base; path = Base.lproj/LaunchScreen.storyboard; sourceTree = "<group>"; };
		6B9EF8492800C4A1007157BF /* Info.plist */ = {isa = PBXFileReference; lastKnownFileType = text.plist.xml; path = Info.plist; sourceTree = "<group>"; };
		6B9EF8512800D75B007157BF /* CompletedViewController.swift */ = {isa = PBXFileReference; lastKnownFileType = sourcecode.swift; path = CompletedViewController.swift; sourceTree = "<group>"; };
		6B9EF8542800D788007157BF /* CoursesViewController.swift */ = {isa = PBXFileReference; lastKnownFileType = sourcecode.swift; path = CoursesViewController.swift; sourceTree = "<group>"; };
		6B9EF8572800D7A5007157BF /* SettingsViewController.swift */ = {isa = PBXFileReference; lastKnownFileType = sourcecode.swift; path = SettingsViewController.swift; sourceTree = "<group>"; };
/* End PBXFileReference section */

/* Begin PBXFrameworksBuildPhase section */
		6B9EF8352800C4A0007157BF /* Frameworks */ = {
			isa = PBXFrameworksBuildPhase;
			buildActionMask = 2147483647;
			files = (
			);
			runOnlyForDeploymentPostprocessing = 0;
		};
/* End PBXFrameworksBuildPhase section */

/* Begin PBXGroup section */
		6B34C7B528052179009A7836 /* Databases */ = {
			isa = PBXGroup;
			children = (
			);
			path = Databases;
			sourceTree = "<group>";
		};
		6B9EF82F2800C4A0007157BF = {
			isa = PBXGroup;
			children = (
				6B9EF83A2800C4A0007157BF /* Stuplan */,
				6B9EF8392800C4A0007157BF /* Products */,
			);
			sourceTree = "<group>";
		};
		6B9EF8392800C4A0007157BF /* Products */ = {
			isa = PBXGroup;
			children = (
				6B9EF8382800C4A0007157BF /* Stuplan.app */,
			);
			name = Products;
			sourceTree = "<group>";
		};
		6B9EF83A2800C4A0007157BF /* Stuplan */ = {
			isa = PBXGroup;
			children = (
				6B34C7B528052179009A7836 /* Databases */,
				6B9EF8562800D792007157BF /* Settings */,
				6B9EF8532800D76B007157BF /* Courses */,
				6B9EF8502800D71C007157BF /* Completed */,
				6B9EF84F2800D6F2007157BF /* Tasks */,
				6B9EF83B2800C4A0007157BF /* AppDelegate.swift */,
				6B9EF83D2800C4A0007157BF /* SceneDelegate.swift */,
				6B9EF8412800C4A0007157BF /* Main.storyboard */,
				6B9EF8442800C4A1007157BF /* Assets.xcassets */,
				6B9EF8462800C4A1007157BF /* LaunchScreen.storyboard */,
				6B9EF8492800C4A1007157BF /* Info.plist */,
			);
			path = Stuplan;
			sourceTree = "<group>";
		};
		6B9EF84F2800D6F2007157BF /* Tasks */ = {
			isa = PBXGroup;
			children = (
				6B9EF83F2800C4A0007157BF /* TasksViewController.swift */,
				6B34C7AF2804F540009A7836 /* AddTaskViewController.swift */,
				6B34C7B12804FDB7009A7836 /* TaskModel.swift */,
				6B34C7B62806101A009A7836 /* TaskTableViewCell.swift */,
			);
			path = Tasks;
			sourceTree = "<group>";
		};
		6B9EF8502800D71C007157BF /* Completed */ = {
			isa = PBXGroup;
			children = (
				6B9EF8512800D75B007157BF /* CompletedViewController.swift */,
				6B34C7B8280668C7009A7836 /* CompletedTaskViewCell.swift */,
			);
			path = Completed;
			sourceTree = "<group>";
		};
		6B9EF8532800D76B007157BF /* Courses */ = {
			isa = PBXGroup;
			children = (
				6B9EF8542800D788007157BF /* CoursesViewController.swift */,
				6B5A0E2C2802299E0046FA50 /* AddCourseViewController.swift */,
				6B5A0E31280231DF0046FA50 /* CoursesModel.swift */,
				6B5A0E3728028A3F0046FA50 /* CourseTableViewCell.swift */,
			);
			path = Courses;
			sourceTree = "<group>";
		};
		6B9EF8562800D792007157BF /* Settings */ = {
			isa = PBXGroup;
			children = (
				6B9EF8572800D7A5007157BF /* SettingsViewController.swift */,
				6B34C7C028068EE2009A7836 /* IntroViewController.swift */,
			);
			path = Settings;
			sourceTree = "<group>";
		};
/* End PBXGroup section */

/* Begin PBXNativeTarget section */
		6B9EF8372800C4A0007157BF /* Stuplan */ = {
			isa = PBXNativeTarget;
			buildConfigurationList = 6B9EF84C2800C4A1007157BF /* Build configuration list for PBXNativeTarget "Stuplan" */;
			buildPhases = (
				6B9EF8342800C4A0007157BF /* Sources */,
				6B9EF8352800C4A0007157BF /* Frameworks */,
				6B9EF8362800C4A0007157BF /* Resources */,
			);
			buildRules = (
			);
			dependencies = (
			);
			name = Stuplan;
			productName = Stuplan;
			productReference = 6B9EF8382800C4A0007157BF /* Stuplan.app */;
			productType = "com.apple.product-type.application";
		};
/* End PBXNativeTarget section */

/* Begin PBXProject section */
		6B9EF8302800C4A0007157BF /* Project object */ = {
			isa = PBXProject;
			attributes = {
				BuildIndependentTargetsInParallel = 1;
				LastSwiftUpdateCheck = 1320;
				LastUpgradeCheck = 1320;
				TargetAttributes = {
					6B9EF8372800C4A0007157BF = {
						CreatedOnToolsVersion = 13.2.1;
					};
				};
			};
			buildConfigurationList = 6B9EF8332800C4A0007157BF /* Build configuration list for PBXProject "Stuplan" */;
			compatibilityVersion = "Xcode 13.0";
			developmentRegion = en;
			hasScannedForEncodings = 0;
			knownRegions = (
				en,
				Base,
			);
			mainGroup = 6B9EF82F2800C4A0007157BF;
			productRefGroup = 6B9EF8392800C4A0007157BF /* Products */;
			projectDirPath = "";
			projectRoot = "";
			targets = (
				6B9EF8372800C4A0007157BF /* Stuplan */,
			);
		};
/* End PBXProject section */

/* Begin PBXResourcesBuildPhase section */
		6B9EF8362800C4A0007157BF /* Resources */ = {
			isa = PBXResourcesBuildPhase;
			buildActionMask = 2147483647;
			files = (
				6B9EF8482800C4A1007157BF /* LaunchScreen.storyboard in Resources */,
				6B9EF8452800C4A1007157BF /* Assets.xcassets in Resources */,
				6B9EF8432800C4A0007157BF /* Main.storyboard in Resources */,
			);
			runOnlyForDeploymentPostprocessing = 0;
		};
/* End PBXResourcesBuildPhase section */

/* Begin PBXSourcesBuildPhase section */
		6B9EF8342800C4A0007157BF /* Sources */ = {
			isa = PBXSourcesBuildPhase;
			buildActionMask = 2147483647;
			files = (
				6B34C7C128068EE2009A7836 /* IntroViewController.swift in Sources */,
				6B5A0E2D2802299E0046FA50 /* AddCourseViewController.swift in Sources */,
				6B9EF8522800D75B007157BF /* CompletedViewController.swift in Sources */,
				6B9EF8402800C4A0007157BF /* TasksViewController.swift in Sources */,
				6B5A0E3828028A3F0046FA50 /* CourseTableViewCell.swift in Sources */,
				6B34C7B22804FDB7009A7836 /* TaskModel.swift in Sources */,
				6B5A0E32280231DF0046FA50 /* CoursesModel.swift in Sources */,
				6B9EF83C2800C4A0007157BF /* AppDelegate.swift in Sources */,
				6B9EF83E2800C4A0007157BF /* SceneDelegate.swift in Sources */,
				6B34C7B72806101A009A7836 /* TaskTableViewCell.swift in Sources */,
				6B9EF8552800D788007157BF /* CoursesViewController.swift in Sources */,
				6B9EF8582800D7A5007157BF /* SettingsViewController.swift in Sources */,
				6B34C7B02804F540009A7836 /* AddTaskViewController.swift in Sources */,
				6B34C7B9280668C7009A7836 /* CompletedTaskViewCell.swift in Sources */,
			);
			runOnlyForDeploymentPostprocessing = 0;
		};
/* End PBXSourcesBuildPhase section */

/* Begin PBXVariantGroup section */
		6B9EF8412800C4A0007157BF /* Main.storyboard */ = {
			isa = PBXVariantGroup;
			children = (
				6B9EF8422800C4A0007157BF /* Base */,
			);
			name = Main.storyboard;
			sourceTree = "<group>";
		};
		6B9EF8462800C4A1007157BF /* LaunchScreen.storyboard */ = {
			isa = PBXVariantGroup;
			children = (
				6B9EF8472800C4A1007157BF /* Base */,
			);
			name = LaunchScreen.storyboard;
			sourceTree = "<group>";
		};
/* End PBXVariantGroup section */

/* Begin XCBuildConfiguration section */
		6B9EF84A2800C4A1007157BF /* Debug */ = {
			isa = XCBuildConfiguration;
			buildSettings = {
				ALWAYS_SEARCH_USER_PATHS = NO;
				CLANG_ANALYZER_NONNULL = YES;
				CLANG_ANALYZER_NUMBER_OBJECT_CONVERSION = YES_AGGRESSIVE;
				CLANG_CXX_LANGUAGE_STANDARD = "gnu++17";
				CLANG_CXX_LIBRARY = "libc++";
				CLANG_ENABLE_MODULES = YES;
				CLANG_ENABLE_OBJC_ARC = YES;
				CLANG_ENABLE_OBJC_WEAK = YES;
				CLANG_WARN_BLOCK_CAPTURE_AUTORELEASING = YES;
				CLANG_WARN_BOOL_CONVERSION = YES;
				CLANG_WARN_COMMA = YES;
				CLANG_WARN_CONSTANT_CONVERSION = YES;
				CLANG_WARN_DEPRECATED_OBJC_IMPLEMENTATIONS = YES;
				CLANG_WARN_DIRECT_OBJC_ISA_USAGE = YES_ERROR;
				CLANG_WARN_DOCUMENTATION_COMMENTS = YES;
				CLANG_WARN_EMPTY_BODY = YES;
				CLANG_WARN_ENUM_CONVERSION = YES;
				CLANG_WARN_INFINITE_RECURSION = YES;
				CLANG_WARN_INT_CONVERSION = YES;
				CLANG_WARN_NON_LITERAL_NULL_CONVERSION = YES;
				CLANG_WARN_OBJC_IMPLICIT_RETAIN_SELF = YES;
				CLANG_WARN_OBJC_LITERAL_CONVERSION = YES;
				CLANG_WARN_OBJC_ROOT_CLASS = YES_ERROR;
				CLANG_WARN_QUOTED_INCLUDE_IN_FRAMEWORK_HEADER = YES;
				CLANG_WARN_RANGE_LOOP_ANALYSIS = YES;
				CLANG_WARN_STRICT_PROTOTYPES = YES;
				CLANG_WARN_SUSPICIOUS_MOVE = YES;
				CLANG_WARN_UNGUARDED_AVAILABILITY = YES_AGGRESSIVE;
				CLANG_WARN_UNREACHABLE_CODE = YES;
				CLANG_WARN__DUPLICATE_METHOD_MATCH = YES;
				COPY_PHASE_STRIP = NO;
				DEBUG_INFORMATION_FORMAT = dwarf;
				ENABLE_STRICT_OBJC_MSGSEND = YES;
				ENABLE_TESTABILITY = YES;
				GCC_C_LANGUAGE_STANDARD = gnu11;
				GCC_DYNAMIC_NO_PIC = NO;
				GCC_NO_COMMON_BLOCKS = YES;
				GCC_OPTIMIZATION_LEVEL = 0;
				GCC_PREPROCESSOR_DEFINITIONS = (
					"DEBUG=1",
					"$(inherited)",
				);
				GCC_WARN_64_TO_32_BIT_CONVERSION = YES;
				GCC_WARN_ABOUT_RETURN_TYPE = YES_ERROR;
				GCC_WARN_UNDECLARED_SELECTOR = YES;
				GCC_WARN_UNINITIALIZED_AUTOS = YES_AGGRESSIVE;
				GCC_WARN_UNUSED_FUNCTION = YES;
				GCC_WARN_UNUSED_VARIABLE = YES;
				IPHONEOS_DEPLOYMENT_TARGET = 15.2;
				MTL_ENABLE_DEBUG_INFO = INCLUDE_SOURCE;
				MTL_FAST_MATH = YES;
				ONLY_ACTIVE_ARCH = YES;
				SDKROOT = iphoneos;
				SWIFT_ACTIVE_COMPILATION_CONDITIONS = DEBUG;
				SWIFT_OPTIMIZATION_LEVEL = "-Onone";
			};
			name = Debug;
		};
		6B9EF84B2800C4A1007157BF /* Release */ = {
			isa = XCBuildConfiguration;
			buildSettings = {
				ALWAYS_SEARCH_USER_PATHS = NO;
				CLANG_ANALYZER_NONNULL = YES;
				CLANG_ANALYZER_NUMBER_OBJECT_CONVERSION = YES_AGGRESSIVE;
				CLANG_CXX_LANGUAGE_STANDARD = "gnu++17";
				CLANG_CXX_LIBRARY = "libc++";
				CLANG_ENABLE_MODULES = YES;
				CLANG_ENABLE_OBJC_ARC = YES;
				CLANG_ENABLE_OBJC_WEAK = YES;
				CLANG_WARN_BLOCK_CAPTURE_AUTORELEASING = YES;
				CLANG_WARN_BOOL_CONVERSION = YES;
				CLANG_WARN_COMMA = YES;
				CLANG_WARN_CONSTANT_CONVERSION = YES;
				CLANG_WARN_DEPRECATED_OBJC_IMPLEMENTATIONS = YES;
				CLANG_WARN_DIRECT_OBJC_ISA_USAGE = YES_ERROR;
				CLANG_WARN_DOCUMENTATION_COMMENTS = YES;
				CLANG_WARN_EMPTY_BODY = YES;
				CLANG_WARN_ENUM_CONVERSION = YES;
				CLANG_WARN_INFINITE_RECURSION = YES;
				CLANG_WARN_INT_CONVERSION = YES;
				CLANG_WARN_NON_LITERAL_NULL_CONVERSION = YES;
				CLANG_WARN_OBJC_IMPLICIT_RETAIN_SELF = YES;
				CLANG_WARN_OBJC_LITERAL_CONVERSION = YES;
				CLANG_WARN_OBJC_ROOT_CLASS = YES_ERROR;
				CLANG_WARN_QUOTED_INCLUDE_IN_FRAMEWORK_HEADER = YES;
				CLANG_WARN_RANGE_LOOP_ANALYSIS = YES;
				CLANG_WARN_STRICT_PROTOTYPES = YES;
				CLANG_WARN_SUSPICIOUS_MOVE = YES;
				CLANG_WARN_UNGUARDED_AVAILABILITY = YES_AGGRESSIVE;
				CLANG_WARN_UNREACHABLE_CODE = YES;
				CLANG_WARN__DUPLICATE_METHOD_MATCH = YES;
				COPY_PHASE_STRIP = NO;
				DEBUG_INFORMATION_FORMAT = "dwarf-with-dsym";
				ENABLE_NS_ASSERTIONS = NO;
				ENABLE_STRICT_OBJC_MSGSEND = YES;
				GCC_C_LANGUAGE_STANDARD = gnu11;
				GCC_NO_COMMON_BLOCKS = YES;
				GCC_WARN_64_TO_32_BIT_CONVERSION = YES;
				GCC_WARN_ABOUT_RETURN_TYPE = YES_ERROR;
				GCC_WARN_UNDECLARED_SELECTOR = YES;
				GCC_WARN_UNINITIALIZED_AUTOS = YES_AGGRESSIVE;
				GCC_WARN_UNUSED_FUNCTION = YES;
				GCC_WARN_UNUSED_VARIABLE = YES;
				IPHONEOS_DEPLOYMENT_TARGET = 15.2;
				MTL_ENABLE_DEBUG_INFO = NO;
				MTL_FAST_MATH = YES;
				SDKROOT = iphoneos;
				SWIFT_COMPILATION_MODE = wholemodule;
				SWIFT_OPTIMIZATION_LEVEL = "-O";
				VALIDATE_PRODUCT = YES;
			};
			name = Release;
		};
		6B9EF84D2800C4A1007157BF /* Debug */ = {
			isa = XCBuildConfiguration;
			buildSettings = {
				ASSETCATALOG_COMPILER_APPICON_NAME = AppIcon;
				ASSETCATALOG_COMPILER_GLOBAL_ACCENT_COLOR_NAME = AccentColor;
				CODE_SIGN_STYLE = Automatic;
				CURRENT_PROJECT_VERSION = 1;
				GENERATE_INFOPLIST_FILE = YES;
				INFOPLIST_FILE = Stuplan/Info.plist;
				INFOPLIST_KEY_UIApplicationSupportsIndirectInputEvents = YES;
				INFOPLIST_KEY_UILaunchStoryboardName = LaunchScreen;
				INFOPLIST_KEY_UIMainStoryboardFile = Main;
				INFOPLIST_KEY_UISupportedInterfaceOrientations_iPad = "UIInterfaceOrientationPortrait UIInterfaceOrientationPortraitUpsideDown UIInterfaceOrientationLandscapeLeft UIInterfaceOrientationLandscapeRight";
				INFOPLIST_KEY_UISupportedInterfaceOrientations_iPhone = "UIInterfaceOrientationPortrait UIInterfaceOrientationLandscapeLeft UIInterfaceOrientationLandscapeRight";
				LD_RUNPATH_SEARCH_PATHS = (
					"$(inherited)",
					"@executable_path/Frameworks",
				);
				MARKETING_VERSION = 1.0;
				PRODUCT_BUNDLE_IDENTIFIER = Georgian.Stuplan;
				PRODUCT_NAME = "$(TARGET_NAME)";
				SWIFT_EMIT_LOC_STRINGS = YES;
				SWIFT_VERSION = 5.0;
				TARGETED_DEVICE_FAMILY = "1,2";
			};
			name = Debug;
		};
		6B9EF84E2800C4A1007157BF /* Release */ = {
			isa = XCBuildConfiguration;
			buildSettings = {
				ASSETCATALOG_COMPILER_APPICON_NAME = AppIcon;
				ASSETCATALOG_COMPILER_GLOBAL_ACCENT_COLOR_NAME = AccentColor;
				CODE_SIGN_STYLE = Automatic;
				CURRENT_PROJECT_VERSION = 1;
				GENERATE_INFOPLIST_FILE = YES;
				INFOPLIST_FILE = Stuplan/Info.plist;
				INFOPLIST_KEY_UIApplicationSupportsIndirectInputEvents = YES;
				INFOPLIST_KEY_UILaunchStoryboardName = LaunchScreen;
				INFOPLIST_KEY_UIMainStoryboardFile = Main;
				INFOPLIST_KEY_UISupportedInterfaceOrientations_iPad = "UIInterfaceOrientationPortrait UIInterfaceOrientationPortraitUpsideDown UIInterfaceOrientationLandscapeLeft UIInterfaceOrientationLandscapeRight";
				INFOPLIST_KEY_UISupportedInterfaceOrientations_iPhone = "UIInterfaceOrientationPortrait UIInterfaceOrientationLandscapeLeft UIInterfaceOrientationLandscapeRight";
				LD_RUNPATH_SEARCH_PATHS = (
					"$(inherited)",
					"@executable_path/Frameworks",
				);
				MARKETING_VERSION = 1.0;
				PRODUCT_BUNDLE_IDENTIFIER = Georgian.Stuplan;
				PRODUCT_NAME = "$(TARGET_NAME)";
				SWIFT_EMIT_LOC_STRINGS = YES;
				SWIFT_VERSION = 5.0;
				TARGETED_DEVICE_FAMILY = "1,2";
			};
			name = Release;
		};
/* End XCBuildConfiguration section */

/* Begin XCConfigurationList section */
		6B9EF8332800C4A0007157BF /* Build configuration list for PBXProject "Stuplan" */ = {
			isa = XCConfigurationList;
			buildConfigurations = (
				6B9EF84A2800C4A1007157BF /* Debug */,
				6B9EF84B2800C4A1007157BF /* Release */,
			);
			defaultConfigurationIsVisible = 0;
			defaultConfigurationName = Release;
		};
		6B9EF84C2800C4A1007157BF /* Build configuration list for PBXNativeTarget "Stuplan" */ = {
			isa = XCConfigurationList;
			buildConfigurations = (
				6B9EF84D2800C4A1007157BF /* Debug */,
				6B9EF84E2800C4A1007157BF /* Release */,
			);
			defaultConfigurationIsVisible = 0;
			defaultConfigurationName = Release;
		};
/* End XCConfigurationList section */
	};
	rootObject = 6B9EF8302800C4A0007157BF /* Project object */;
}
